// !$*UTF8*$!
{
	archiveVersion = 1;
	classes = {
	};
	objectVersion = 46;
	objects = {

/* Begin PBXBuildFile section */
		FF7C60FD15B1E2F800D3F3AF /* UIKit.framework in Frameworks */ = {isa = PBXBuildFile; fileRef = FF7C60FC15B1E2F800D3F3AF /* UIKit.framework */; };
		FF7C60FF15B1E2F800D3F3AF /* Foundation.framework in Frameworks */ = {isa = PBXBuildFile; fileRef = FF7C60FE15B1E2F800D3F3AF /* Foundation.framework */; };
		FF7C610115B1E2F800D3F3AF /* CoreGraphics.framework in Frameworks */ = {isa = PBXBuildFile; fileRef = FF7C610015B1E2F800D3F3AF /* CoreGraphics.framework */; };
		FF7C610715B1E2F800D3F3AF /* InfoPlist.strings in Resources */ = {isa = PBXBuildFile; fileRef = FF7C610515B1E2F800D3F3AF /* InfoPlist.strings */; };
		FF7C610915B1E2F800D3F3AF /* main.m in Sources */ = {isa = PBXBuildFile; fileRef = FF7C610815B1E2F800D3F3AF /* main.m */; };
		FF7C610D15B1E2F800D3F3AF /* RAPVCSAppDelegate.m in Sources */ = {isa = PBXBuildFile; fileRef = FF7C610C15B1E2F800D3F3AF /* RAPVCSAppDelegate.m */; };
		FF7C611315B1E2F800D3F3AF /* RAPVCSViewController.m in Sources */ = {isa = PBXBuildFile; fileRef = FF7C611215B1E2F800D3F3AF /* RAPVCSViewController.m */; };
		FF7C612915B1E32500D3F3AF /* libRAPageViewController.a in Frameworks */ = {isa = PBXBuildFile; fileRef = FF7C612615B1E31600D3F3AF /* libRAPageViewController.a */; };
		FF7C613C15B2066000D3F3AF /* RAPVCSContentViewController.m in Sources */ = {isa = PBXBuildFile; fileRef = FF7C613A15B2066000D3F3AF /* RAPVCSContentViewController.m */; };
		FF7C613D15B2066000D3F3AF /* RAPVCSPageViewController.xib in Resources */ = {isa = PBXBuildFile; fileRef = FF7C613B15B2066000D3F3AF /* RAPVCSPageViewController.xib */; };
/* End PBXBuildFile section */

/* Begin PBXContainerItemProxy section */
		FF7C612515B1E31600D3F3AF /* PBXContainerItemProxy */ = {
			isa = PBXContainerItemProxy;
			containerPortal = FF7C611E15B1E31600D3F3AF /* RAPageViewController.xcodeproj */;
			proxyType = 2;
			remoteGlobalIDString = FF7C60D815B1E28F00D3F3AF;
			remoteInfo = RAPageViewController;
		};
		FF7C612715B1E32000D3F3AF /* PBXContainerItemProxy */ = {
			isa = PBXContainerItemProxy;
			containerPortal = FF7C611E15B1E31600D3F3AF /* RAPageViewController.xcodeproj */;
			proxyType = 1;
			remoteGlobalIDString = FF7C60D715B1E28F00D3F3AF;
			remoteInfo = RAPageViewController;
		};
/* End PBXContainerItemProxy section */

/* Begin PBXFileReference section */
		FF7C60F815B1E2F800D3F3AF /* RAPageViewController-Sample.app */ = {isa = PBXFileReference; explicitFileType = wrapper.application; includeInIndex = 0; path = "RAPageViewController-Sample.app"; sourceTree = BUILT_PRODUCTS_DIR; };
		FF7C60FC15B1E2F800D3F3AF /* UIKit.framework */ = {isa = PBXFileReference; lastKnownFileType = wrapper.framework; name = UIKit.framework; path = System/Library/Frameworks/UIKit.framework; sourceTree = SDKROOT; };
		FF7C60FE15B1E2F800D3F3AF /* Foundation.framework */ = {isa = PBXFileReference; lastKnownFileType = wrapper.framework; name = Foundation.framework; path = System/Library/Frameworks/Foundation.framework; sourceTree = SDKROOT; };
		FF7C610015B1E2F800D3F3AF /* CoreGraphics.framework */ = {isa = PBXFileReference; lastKnownFileType = wrapper.framework; name = CoreGraphics.framework; path = System/Library/Frameworks/CoreGraphics.framework; sourceTree = SDKROOT; };
		FF7C610415B1E2F800D3F3AF /* RAPageViewController-Sample-Info.plist */ = {isa = PBXFileReference; lastKnownFileType = text.plist.xml; path = "RAPageViewController-Sample-Info.plist"; sourceTree = "<group>"; };
		FF7C610615B1E2F800D3F3AF /* en */ = {isa = PBXFileReference; lastKnownFileType = text.plist.strings; name = en; path = en.lproj/InfoPlist.strings; sourceTree = "<group>"; };
		FF7C610815B1E2F800D3F3AF /* main.m */ = {isa = PBXFileReference; lastKnownFileType = sourcecode.c.objc; path = main.m; sourceTree = "<group>"; };
		FF7C610A15B1E2F800D3F3AF /* RAPageViewController-Sample-Prefix.pch */ = {isa = PBXFileReference; lastKnownFileType = sourcecode.c.h; path = "RAPageViewController-Sample-Prefix.pch"; sourceTree = "<group>"; };
		FF7C610B15B1E2F800D3F3AF /* RAPVCSAppDelegate.h */ = {isa = PBXFileReference; lastKnownFileType = sourcecode.c.h; name = RAPVCSAppDelegate.h; path = "RAPageViewController-Sample/RAPVCSAppDelegate.h"; sourceTree = "<group>"; };
		FF7C610C15B1E2F800D3F3AF /* RAPVCSAppDelegate.m */ = {isa = PBXFileReference; lastKnownFileType = sourcecode.c.objc; name = RAPVCSAppDelegate.m; path = "RAPageViewController-Sample/RAPVCSAppDelegate.m"; sourceTree = "<group>"; };
		FF7C611115B1E2F800D3F3AF /* RAPVCSViewController.h */ = {isa = PBXFileReference; lastKnownFileType = sourcecode.c.h; name = RAPVCSViewController.h; path = "RAPageViewController-Sample/RAPVCSViewController.h"; sourceTree = "<group>"; };
		FF7C611215B1E2F800D3F3AF /* RAPVCSViewController.m */ = {isa = PBXFileReference; lastKnownFileType = sourcecode.c.objc; name = RAPVCSViewController.m; path = "RAPageViewController-Sample/RAPVCSViewController.m"; sourceTree = "<group>"; };
		FF7C611E15B1E31600D3F3AF /* RAPageViewController.xcodeproj */ = {isa = PBXFileReference; lastKnownFileType = "wrapper.pb-project"; name = RAPageViewController.xcodeproj; path = RAPageViewController/RAPageViewController.xcodeproj; sourceTree = "<group>"; };
		FF7C613915B2066000D3F3AF /* RAPVCSContentViewController.h */ = {isa = PBXFileReference; fileEncoding = 4; lastKnownFileType = sourcecode.c.h; name = RAPVCSContentViewController.h; path = "RAPageViewController-Sample/RAPVCSContentViewController.h"; sourceTree = "<group>"; };
		FF7C613A15B2066000D3F3AF /* RAPVCSContentViewController.m */ = {isa = PBXFileReference; fileEncoding = 4; lastKnownFileType = sourcecode.c.objc; name = RAPVCSContentViewController.m; path = "RAPageViewController-Sample/RAPVCSContentViewController.m"; sourceTree = "<group>"; };
		FF7C613B15B2066000D3F3AF /* RAPVCSPageViewController.xib */ = {isa = PBXFileReference; fileEncoding = 4; lastKnownFileType = file.xib; name = RAPVCSPageViewController.xib; path = "RAPageViewController-Sample/RAPVCSPageViewController.xib"; sourceTree = "<group>"; };
/* End PBXFileReference section */

/* Begin PBXFrameworksBuildPhase section */
		FF7C60F515B1E2F800D3F3AF /* Frameworks */ = {
			isa = PBXFrameworksBuildPhase;
			buildActionMask = 2147483647;
			files = (
				FF7C612915B1E32500D3F3AF /* libRAPageViewController.a in Frameworks */,
				FF7C60FD15B1E2F800D3F3AF /* UIKit.framework in Frameworks */,
				FF7C60FF15B1E2F800D3F3AF /* Foundation.framework in Frameworks */,
				FF7C610115B1E2F800D3F3AF /* CoreGraphics.framework in Frameworks */,
			);
			runOnlyForDeploymentPostprocessing = 0;
		};
/* End PBXFrameworksBuildPhase section */

/* Begin PBXGroup section */
		FF7C60ED15B1E2F800D3F3AF = {
			isa = PBXGroup;
			children = (
				FF7C610B15B1E2F800D3F3AF /* RAPVCSAppDelegate.h */,
				FF7C610C15B1E2F800D3F3AF /* RAPVCSAppDelegate.m */,
				FF7C611115B1E2F800D3F3AF /* RAPVCSViewController.h */,
				FF7C611215B1E2F800D3F3AF /* RAPVCSViewController.m */,
				FF7C613915B2066000D3F3AF /* RAPVCSContentViewController.h */,
				FF7C613A15B2066000D3F3AF /* RAPVCSContentViewController.m */,
				FF7C613B15B2066000D3F3AF /* RAPVCSPageViewController.xib */,
				FF7C610315B1E2F800D3F3AF /* Supporting Files */,
				FF7C60FB15B1E2F800D3F3AF /* Frameworks */,
				FF7C60F915B1E2F800D3F3AF /* Products */,
			);
			sourceTree = "<group>";
		};
		FF7C60F915B1E2F800D3F3AF /* Products */ = {
			isa = PBXGroup;
			children = (
				FF7C60F815B1E2F800D3F3AF /* RAPageViewController-Sample.app */,
			);
			name = Products;
			sourceTree = "<group>";
		};
		FF7C60FB15B1E2F800D3F3AF /* Frameworks */ = {
			isa = PBXGroup;
			children = (
				FF7C610015B1E2F800D3F3AF /* CoreGraphics.framework */,
				FF7C60FE15B1E2F800D3F3AF /* Foundation.framework */,
				FF7C60FC15B1E2F800D3F3AF /* UIKit.framework */,
				FF7C611E15B1E31600D3F3AF /* RAPageViewController.xcodeproj */,
			);
			name = Frameworks;
			sourceTree = "<group>";
		};
		FF7C610315B1E2F800D3F3AF /* Supporting Files */ = {
			isa = PBXGroup;
			children = (
				FF7C610415B1E2F800D3F3AF /* RAPageViewController-Sample-Info.plist */,
				FF7C610515B1E2F800D3F3AF /* InfoPlist.strings */,
				FF7C610815B1E2F800D3F3AF /* main.m */,
				FF7C610A15B1E2F800D3F3AF /* RAPageViewController-Sample-Prefix.pch */,
			);
			name = "Supporting Files";
			path = "RAPageViewController-Sample";
			sourceTree = "<group>";
		};
		FF7C611F15B1E31600D3F3AF /* Products */ = {
			isa = PBXGroup;
			children = (
				FF7C612615B1E31600D3F3AF /* libRAPageViewController.a */,
			);
			name = Products;
			sourceTree = "<group>";
		};
/* End PBXGroup section */

/* Begin PBXNativeTarget section */
		FF7C60F715B1E2F800D3F3AF /* RAPageViewController-Sample */ = {
			isa = PBXNativeTarget;
			buildConfigurationList = FF7C611615B1E2F800D3F3AF /* Build configuration list for PBXNativeTarget "RAPageViewController-Sample" */;
			buildPhases = (
				FF7C60F415B1E2F800D3F3AF /* Sources */,
				FF7C60F515B1E2F800D3F3AF /* Frameworks */,
				FF7C60F615B1E2F800D3F3AF /* Resources */,
			);
			buildRules = (
			);
			dependencies = (
				FF7C612815B1E32000D3F3AF /* PBXTargetDependency */,
			);
			name = "RAPageViewController-Sample";
			productName = "RAPageViewController-Sample";
			productReference = FF7C60F815B1E2F800D3F3AF /* RAPageViewController-Sample.app */;
			productType = "com.apple.product-type.application";
		};
/* End PBXNativeTarget section */

/* Begin PBXProject section */
		FF7C60EF15B1E2F800D3F3AF /* Project object */ = {
			isa = PBXProject;
			attributes = {
				CLASSPREFIX = RAPVCS;
				ORGANIZATIONNAME = Radius;
			};
			buildConfigurationList = FF7C60F215B1E2F800D3F3AF /* Build configuration list for PBXProject "RAPageViewController-Sample" */;
			compatibilityVersion = "Xcode 3.2";
			developmentRegion = English;
			hasScannedForEncodings = 0;
			knownRegions = (
				en,
			);
			mainGroup = FF7C60ED15B1E2F800D3F3AF;
			productRefGroup = FF7C60F915B1E2F800D3F3AF /* Products */;
			projectDirPath = "";
			projectReferences = (
				{
					ProductGroup = FF7C611F15B1E31600D3F3AF /* Products */;
					ProjectRef = FF7C611E15B1E31600D3F3AF /* RAPageViewController.xcodeproj */;
				},
			);
			projectRoot = "";
			targets = (
				FF7C60F715B1E2F800D3F3AF /* RAPageViewController-Sample */,
			);
		};
/* End PBXProject section */

/* Begin PBXReferenceProxy section */
		FF7C612615B1E31600D3F3AF /* libRAPageViewController.a */ = {
			isa = PBXReferenceProxy;
			fileType = archive.ar;
			path = libRAPageViewController.a;
			remoteRef = FF7C612515B1E31600D3F3AF /* PBXContainerItemProxy */;
			sourceTree = BUILT_PRODUCTS_DIR;
		};
/* End PBXReferenceProxy section */

/* Begin PBXResourcesBuildPhase section */
		FF7C60F615B1E2F800D3F3AF /* Resources */ = {
			isa = PBXResourcesBuildPhase;
			buildActionMask = 2147483647;
			files = (
				FF7C610715B1E2F800D3F3AF /* InfoPlist.strings in Resources */,
				FF7C613D15B2066000D3F3AF /* RAPVCSPageViewController.xib in Resources */,
			);
			runOnlyForDeploymentPostprocessing = 0;
		};
/* End PBXResourcesBuildPhase section */

/* Begin PBXSourcesBuildPhase section */
		FF7C60F415B1E2F800D3F3AF /* Sources */ = {
			isa = PBXSourcesBuildPhase;
			buildActionMask = 2147483647;
			files = (
				FF7C610915B1E2F800D3F3AF /* main.m in Sources */,
				FF7C610D15B1E2F800D3F3AF /* RAPVCSAppDelegate.m in Sources */,
				FF7C611315B1E2F800D3F3AF /* RAPVCSViewController.m in Sources */,
				FF7C613C15B2066000D3F3AF /* RAPVCSContentViewController.m in Sources */,
			);
			runOnlyForDeploymentPostprocessing = 0;
		};
/* End PBXSourcesBuildPhase section */

/* Begin PBXTargetDependency section */
		FF7C612815B1E32000D3F3AF /* PBXTargetDependency */ = {
			isa = PBXTargetDependency;
			name = RAPageViewController;
			targetProxy = FF7C612715B1E32000D3F3AF /* PBXContainerItemProxy */;
		};
/* End PBXTargetDependency section */

/* Begin PBXVariantGroup section */
		FF7C610515B1E2F800D3F3AF /* InfoPlist.strings */ = {
			isa = PBXVariantGroup;
			children = (
				FF7C610615B1E2F800D3F3AF /* en */,
			);
			name = InfoPlist.strings;
			sourceTree = "<group>";
		};
/* End PBXVariantGroup section */

/* Begin XCBuildConfiguration section */
		FF7C611415B1E2F800D3F3AF /* Debug */ = {
			isa = XCBuildConfiguration;
			buildSettings = {
				ALWAYS_SEARCH_USER_PATHS = NO;
				ARCHS = "$(ARCHS_STANDARD_32_BIT)";
				CLANG_CXX_LANGUAGE_STANDARD = "gnu++0x";
				CLANG_ENABLE_OBJC_ARC = YES;
				CLANG_WARN__DUPLICATE_METHOD_MATCH = YES;
				"CODE_SIGN_IDENTITY[sdk=iphoneos*]" = "iPhone Developer";
				COPY_PHASE_STRIP = NO;
				GCC_C_LANGUAGE_STANDARD = gnu99;
				GCC_DYNAMIC_NO_PIC = NO;
				GCC_OPTIMIZATION_LEVEL = 0;
				GCC_PREPROCESSOR_DEFINITIONS = (
					"DEBUG=1",
					"$(inherited)",
				);
				GCC_SYMBOLS_PRIVATE_EXTERN = NO;
				GCC_VERSION = com.apple.compilers.llvm.clang.1_0;
				GCC_WARN_ABOUT_RETURN_TYPE = YES;
				GCC_WARN_UNINITIALIZED_AUTOS = YES;
				GCC_WARN_UNUSED_VARIABLE = YES;
				HEADER_SEARCH_PATHS = "$(PROJECT_DIR)/RAPageViewController/**";
				IPHONEOS_DEPLOYMENT_TARGET = 5.1;
				SDKROOT = iphoneos;
			};
			name = Debug;
		};
		FF7C611515B1E2F800D3F3AF /* Release */ = {
			isa = XCBuildConfiguration;
			buildSettings = {
				ALWAYS_SEARCH_USER_PATHS = NO;
				ARCHS = "$(ARCHS_STANDARD_32_BIT)";
				CLANG_CXX_LANGUAGE_STANDARD = "gnu++0x";
				CLANG_ENABLE_OBJC_ARC = YES;
				CLANG_WARN__DUPLICATE_METHOD_MATCH = YES;
				"CODE_SIGN_IDENTITY[sdk=iphoneos*]" = "iPhone Developer";
				COPY_PHASE_STRIP = YES;
				GCC_C_LANGUAGE_STANDARD = gnu99;
				GCC_VERSION = com.apple.compilers.llvm.clang.1_0;
				GCC_WARN_ABOUT_RETURN_TYPE = YES;
				GCC_WARN_UNINITIALIZED_AUTOS = YES;
				GCC_WARN_UNUSED_VARIABLE = YES;
				HEADER_SEARCH_PATHS = "$(PROJECT_DIR)/RAPageViewController/**";
				IPHONEOS_DEPLOYMENT_TARGET = 5.1;
				OTHER_CFLAGS = "-DNS_BLOCK_ASSERTIONS=1";
				SDKROOT = iphoneos;
				VALIDATE_PRODUCT = YES;
			};
			name = Release;
		};
		FF7C611715B1E2F800D3F3AF /* Debug */ = {
			isa = XCBuildConfiguration;
			buildSettings = {
				GCC_PRECOMPILE_PREFIX_HEADER = YES;
				GCC_PREFIX_HEADER = "RAPageViewController-Sample/RAPageViewController-Sample-Prefix.pch";
				INFOPLIST_FILE = "RAPageViewController-Sample/RAPageViewController-Sample-Info.plist";
				PRODUCT_NAME = "$(TARGET_NAME)";
				WRAPPER_EXTENSION = app;
			};
			name = Debug;
		};
		FF7C611815B1E2F800D3F3AF /* Release */ = {
			isa = XCBuildConfiguration;
			buildSettings = {
				GCC_PRECOMPILE_PREFIX_HEADER = YES;
				GCC_PREFIX_HEADER = "RAPageViewController-Sample/RAPageViewController-Sample-Prefix.pch";
				INFOPLIST_FILE = "RAPageViewController-Sample/RAPageViewController-Sample-Info.plist";
				PRODUCT_NAME = "$(TARGET_NAME)";
				WRAPPER_EXTENSION = app;
			};
			name = Release;
		};
/* End XCBuildConfiguration section */

/* Begin XCConfigurationList section */
		FF7C60F215B1E2F800D3F3AF /* Build configuration list for PBXProject "RAPageViewController-Sample" */ = {
			isa = XCConfigurationList;
			buildConfigurations = (
				FF7C611415B1E2F800D3F3AF /* Debug */,
				FF7C611515B1E2F800D3F3AF /* Release */,
			);
			defaultConfigurationIsVisible = 0;
			defaultConfigurationName = Release;
		};
		FF7C611615B1E2F800D3F3AF /* Build configuration list for PBXNativeTarget "RAPageViewController-Sample" */ = {
			isa = XCConfigurationList;
			buildConfigurations = (
				FF7C611715B1E2F800D3F3AF /* Debug */,
				FF7C611815B1E2F800D3F3AF /* Release */,
			);
			defaultConfigurationIsVisible = 0;
			defaultConfigurationName = Release;
		};
/* End XCConfigurationList section */
	};
	rootObject = FF7C60EF15B1E2F800D3F3AF /* Project object */;
}
